
Microsoft Visual Studio Solution File, Format Version 12.00
# Visual Studio Version 16
VisualStudioVersion = 16.0.33214.272
MinimumVisualStudioVersion = 10.0.40219.1
Project("{F184B08F-C81C-45F6-A57F-5ABD9991F28F}") = "Profit Calc", "Profit Calc.vbproj", "{F055AF36-8122-41B2-B32E-A95B34721EF2}"
EndProject
Global
	GlobalSection(SolutionConfigurationPlatforms) = preSolution
		Debug|Any CPU = Debug|Any CPU
		Release|Any CPU = Release|Any CPU
	EndGlobalSection
	GlobalSection(ProjectConfigurationPlatforms) = postSolution
		{F055AF36-8122-41B2-B32E-A95B34721EF2}.Debug|Any CPU.ActiveCfg = Debug|Any CPU
		{F055AF36-8122-41B2-B32E-A95B34721EF2}.Debug|Any CPU.Build.0 = Debug|Any CPU
		{F055AF36-8122-41B2-B32E-A95B34721EF2}.Release|Any CPU.ActiveCfg = Release|Any CPU
		{F055AF36-8122-41B2-B32E-A95B34721EF2}.Release|Any CPU.Build.0 = Release|Any CPU
	EndGlobalSection
	GlobalSection(SolutionProperties) = preSolution
		HideSolutionNode = FALSE
	EndGlobalSection
	GlobalSection(ExtensibilityGlobals) = postSolution
		SolutionGuid = {242B2371-1BBC-4F82-8550-C8F4F4685496}
	EndGlobalSection
EndGlobal
